
Microsoft Visual Studio Solution File, Format Version 12.00
# Visual Studio Version 17
VisualStudioVersion = 17.4.33110.190
MinimumVisualStudioVersion = 10.0.40219.1
Project("{FAE04EC0-301F-11D3-BF4B-00C04F79EFBC}") = "Eurovaistine.lt", "Eurovaistine.lt\Eurovaistine.lt.csproj", "{91BC3CD9-074B-4E87-81D0-4035EBCC7BD0}"
EndProject
Global
	GlobalSection(SolutionConfigurationPlatforms) = preSolution
		Debug|Any CPU = Debug|Any CPU
		Release|Any CPU = Release|Any CPU
	EndGlobalSection
	GlobalSection(ProjectConfigurationPlatforms) = postSolution
		{91BC3CD9-074B-4E87-81D0-4035EBCC7BD0}.Debug|Any CPU.ActiveCfg = Debug|Any CPU
		{91BC3CD9-074B-4E87-81D0-4035EBCC7BD0}.Debug|Any CPU.Build.0 = Debug|Any CPU
		{91BC3CD9-074B-4E87-81D0-4035EBCC7BD0}.Release|Any CPU.ActiveCfg = Release|Any CPU
		{91BC3CD9-074B-4E87-81D0-4035EBCC7BD0}.Release|Any CPU.Build.0 = Release|Any CPU
	EndGlobalSection
	GlobalSection(SolutionProperties) = preSolution
		HideSolutionNode = FALSE
	EndGlobalSection
	GlobalSection(ExtensibilityGlobals) = postSolution
		SolutionGuid = {A130BF21-9724-41A7-BD12-45AD156BBA33}
	EndGlobalSection
EndGlobal
